
Microsoft Visual Studio Solution File, Format Version 12.00
# Visual Studio Version 17
VisualStudioVersion = 17.0.31903.59
MinimumVisualStudioVersion = 10.0.40219.1
Project("{FAE04EC0-301F-11D3-BF4B-00C04F79EFBC}") = "Calor.Compiler", "src\Calor.Compiler\Calor.Compiler.csproj", "{A1B2C3D4-E5F6-7890-ABCD-EF1234567890}"
EndProject
Project("{FAE04EC0-301F-11D3-BF4B-00C04F79EFBC}") = "Calor.Runtime", "src\Calor.Runtime\Calor.Runtime.csproj", "{B2C3D4E5-F6A7-8901-BCDE-F12345678901}"
EndProject
Project("{FAE04EC0-301F-11D3-BF4B-00C04F79EFBC}") = "Calor.Compiler.Tests", "tests\Calor.Compiler.Tests\Calor.Compiler.Tests.csproj", "{C3D4E5F6-A7B8-9012-CDEF-123456789012}"
EndProject
Project("{FAE04EC0-301F-11D3-BF4B-00C04F79EFBC}") = "Calor.Evaluation", "tests\Calor.Evaluation\Calor.Evaluation.csproj", "{F6A7B8C9-D0E1-2345-F012-456789ABCDEF}"
EndProject
Project("{2150E333-8FDC-42A3-9474-1A3956D46DE8}") = "src", "src", "{D4E5F6A7-B8C9-0123-DEF0-234567890123}"
EndProject
Project("{2150E333-8FDC-42A3-9474-1A3956D46DE8}") = "tests", "tests", "{E5F6A7B8-C9D0-1234-EF01-345678901234}"
EndProject
Project("{2150E333-8FDC-42A3-9474-1A3956D46DE8}") = "samples", "samples", "{FB6CBA9E-EA99-441D-82FF-98ACE72138D1}"
EndProject
Project("{FAE04EC0-301F-11D3-BF4B-00C04F79EFBC}") = "Contracts", "samples\Contracts\Contracts.csproj", "{3DF004B1-8970-466D-AC75-36F950184CC4}"
EndProject
Project("{FAE04EC0-301F-11D3-BF4B-00C04F79EFBC}") = "Calor.Tasks", "src\Calor.Tasks\Calor.Tasks.csproj", "{4DA4CBD1-D959-4DEA-82D2-9F2E61D427B4}"
EndProject
Project("{FAE04EC0-301F-11D3-BF4B-00C04F79EFBC}") = "Calor.Sdk", "src\Calor.Sdk\Calor.Sdk.csproj", "{7037361D-6520-4F01-803F-31797147E2F9}"
EndProject
Project("{FAE04EC0-301F-11D3-BF4B-00C04F79EFBC}") = "SdkSample", "samples\SdkSample\SdkSample.csproj", "{48E00238-5017-475D-81DA-65130BA9E6EE}"
EndProject
Project("{FAE04EC0-301F-11D3-BF4B-00C04F79EFBC}") = "Calor.Enforcement.Tests", "tests\Calor.Enforcement.Tests\Calor.Enforcement.Tests.csproj", "{D7E8F9A0-B1C2-3456-D789-0ABCDEF12345}"
EndProject
Project("{FAE04EC0-301F-11D3-BF4B-00C04F79EFBC}") = "Calor.Semantics.Tests", "tests\Calor.Semantics.Tests\Calor.Semantics.Tests.csproj", "{E8F9A0B1-C2D3-4567-E890-1ABCDEF23456}"
EndProject
Project("{FAE04EC0-301F-11D3-BF4B-00C04F79EFBC}") = "Calor.Verification.Tests", "tests\Calor.Verification.Tests\Calor.Verification.Tests.csproj", "{A0B1C2D3-E4F5-6789-0123-3BCDEF456789}"
EndProject
Project("{FAE04EC0-301F-11D3-BF4B-00C04F79EFBC}") = "Calor.LanguageServer", "src\Calor.LanguageServer\Calor.LanguageServer.csproj", "{A42F7C58-6FB4-43C6-9231-7BFAF2E5E93D}"
EndProject
Project("{FAE04EC0-301F-11D3-BF4B-00C04F79EFBC}") = "Calor.LanguageServer.Tests", "tests\Calor.LanguageServer.Tests\Calor.LanguageServer.Tests.csproj", "{B53F8C69-7FB5-54D7-A342-8CEBF3F6FA4E}"
EndProject
Global
	GlobalSection(SolutionConfigurationPlatforms) = preSolution
		Debug|Any CPU = Debug|Any CPU
		Release|Any CPU = Release|Any CPU
	EndGlobalSection
	GlobalSection(ProjectConfigurationPlatforms) = postSolution
		{A1B2C3D4-E5F6-7890-ABCD-EF1234567890}.Debug|Any CPU.ActiveCfg = Debug|Any CPU
		{A1B2C3D4-E5F6-7890-ABCD-EF1234567890}.Debug|Any CPU.Build.0 = Debug|Any CPU
		{A1B2C3D4-E5F6-7890-ABCD-EF1234567890}.Release|Any CPU.ActiveCfg = Release|Any CPU
		{A1B2C3D4-E5F6-7890-ABCD-EF1234567890}.Release|Any CPU.Build.0 = Release|Any CPU
		{B2C3D4E5-F6A7-8901-BCDE-F12345678901}.Debug|Any CPU.ActiveCfg = Debug|Any CPU
		{B2C3D4E5-F6A7-8901-BCDE-F12345678901}.Debug|Any CPU.Build.0 = Debug|Any CPU
		{B2C3D4E5-F6A7-8901-BCDE-F12345678901}.Release|Any CPU.ActiveCfg = Release|Any CPU
		{B2C3D4E5-F6A7-8901-BCDE-F12345678901}.Release|Any CPU.Build.0 = Release|Any CPU
		{C3D4E5F6-A7B8-9012-CDEF-123456789012}.Debug|Any CPU.ActiveCfg = Debug|Any CPU
		{C3D4E5F6-A7B8-9012-CDEF-123456789012}.Debug|Any CPU.Build.0 = Debug|Any CPU
		{C3D4E5F6-A7B8-9012-CDEF-123456789012}.Release|Any CPU.ActiveCfg = Release|Any CPU
		{C3D4E5F6-A7B8-9012-CDEF-123456789012}.Release|Any CPU.Build.0 = Release|Any CPU
		{3DF004B1-8970-466D-AC75-36F950184CC4}.Debug|Any CPU.ActiveCfg = Debug|Any CPU
		{3DF004B1-8970-466D-AC75-36F950184CC4}.Debug|Any CPU.Build.0 = Debug|Any CPU
		{3DF004B1-8970-466D-AC75-36F950184CC4}.Release|Any CPU.ActiveCfg = Release|Any CPU
		{3DF004B1-8970-466D-AC75-36F950184CC4}.Release|Any CPU.Build.0 = Release|Any CPU
		{4DA4CBD1-D959-4DEA-82D2-9F2E61D427B4}.Debug|Any CPU.ActiveCfg = Debug|Any CPU
		{4DA4CBD1-D959-4DEA-82D2-9F2E61D427B4}.Debug|Any CPU.Build.0 = Debug|Any CPU
		{4DA4CBD1-D959-4DEA-82D2-9F2E61D427B4}.Release|Any CPU.ActiveCfg = Release|Any CPU
		{4DA4CBD1-D959-4DEA-82D2-9F2E61D427B4}.Release|Any CPU.Build.0 = Release|Any CPU
		{7037361D-6520-4F01-803F-31797147E2F9}.Debug|Any CPU.ActiveCfg = Debug|Any CPU
		{7037361D-6520-4F01-803F-31797147E2F9}.Debug|Any CPU.Build.0 = Debug|Any CPU
		{7037361D-6520-4F01-803F-31797147E2F9}.Release|Any CPU.ActiveCfg = Release|Any CPU
		{7037361D-6520-4F01-803F-31797147E2F9}.Release|Any CPU.Build.0 = Release|Any CPU
		{48E00238-5017-475D-81DA-65130BA9E6EE}.Debug|Any CPU.ActiveCfg = Debug|Any CPU
		{48E00238-5017-475D-81DA-65130BA9E6EE}.Debug|Any CPU.Build.0 = Debug|Any CPU
		{48E00238-5017-475D-81DA-65130BA9E6EE}.Release|Any CPU.ActiveCfg = Release|Any CPU
		{48E00238-5017-475D-81DA-65130BA9E6EE}.Release|Any CPU.Build.0 = Release|Any CPU
		{F6A7B8C9-D0E1-2345-F012-456789ABCDEF}.Debug|Any CPU.ActiveCfg = Debug|Any CPU
		{F6A7B8C9-D0E1-2345-F012-456789ABCDEF}.Debug|Any CPU.Build.0 = Debug|Any CPU
		{F6A7B8C9-D0E1-2345-F012-456789ABCDEF}.Release|Any CPU.ActiveCfg = Release|Any CPU
		{F6A7B8C9-D0E1-2345-F012-456789ABCDEF}.Release|Any CPU.Build.0 = Release|Any CPU
		{D7E8F9A0-B1C2-3456-D789-0ABCDEF12345}.Debug|Any CPU.ActiveCfg = Debug|Any CPU
		{D7E8F9A0-B1C2-3456-D789-0ABCDEF12345}.Debug|Any CPU.Build.0 = Debug|Any CPU
		{D7E8F9A0-B1C2-3456-D789-0ABCDEF12345}.Release|Any CPU.ActiveCfg = Release|Any CPU
		{D7E8F9A0-B1C2-3456-D789-0ABCDEF12345}.Release|Any CPU.Build.0 = Release|Any CPU
		{E8F9A0B1-C2D3-4567-E890-1ABCDEF23456}.Debug|Any CPU.ActiveCfg = Debug|Any CPU
		{E8F9A0B1-C2D3-4567-E890-1ABCDEF23456}.Debug|Any CPU.Build.0 = Debug|Any CPU
		{E8F9A0B1-C2D3-4567-E890-1ABCDEF23456}.Release|Any CPU.ActiveCfg = Release|Any CPU
		{E8F9A0B1-C2D3-4567-E890-1ABCDEF23456}.Release|Any CPU.Build.0 = Release|Any CPU
		{A0B1C2D3-E4F5-6789-0123-3BCDEF456789}.Debug|Any CPU.ActiveCfg = Debug|Any CPU
		{A0B1C2D3-E4F5-6789-0123-3BCDEF456789}.Debug|Any CPU.Build.0 = Debug|Any CPU
		{A0B1C2D3-E4F5-6789-0123-3BCDEF456789}.Release|Any CPU.ActiveCfg = Release|Any CPU
		{A0B1C2D3-E4F5-6789-0123-3BCDEF456789}.Release|Any CPU.Build.0 = Release|Any CPU
		{A42F7C58-6FB4-43C6-9231-7BFAF2E5E93D}.Debug|Any CPU.ActiveCfg = Debug|Any CPU
		{A42F7C58-6FB4-43C6-9231-7BFAF2E5E93D}.Debug|Any CPU.Build.0 = Debug|Any CPU
		{A42F7C58-6FB4-43C6-9231-7BFAF2E5E93D}.Release|Any CPU.ActiveCfg = Release|Any CPU
		{A42F7C58-6FB4-43C6-9231-7BFAF2E5E93D}.Release|Any CPU.Build.0 = Release|Any CPU
		{B53F8C69-7FB5-54D7-A342-8CEBF3F6FA4E}.Debug|Any CPU.ActiveCfg = Debug|Any CPU
		{B53F8C69-7FB5-54D7-A342-8CEBF3F6FA4E}.Debug|Any CPU.Build.0 = Debug|Any CPU
		{B53F8C69-7FB5-54D7-A342-8CEBF3F6FA4E}.Release|Any CPU.ActiveCfg = Release|Any CPU
		{B53F8C69-7FB5-54D7-A342-8CEBF3F6FA4E}.Release|Any CPU.Build.0 = Release|Any CPU
	EndGlobalSection
	GlobalSection(SolutionProperties) = preSolution
		HideSolutionNode = FALSE
	EndGlobalSection
	GlobalSection(NestedProjects) = preSolution
		{A1B2C3D4-E5F6-7890-ABCD-EF1234567890} = {D4E5F6A7-B8C9-0123-DEF0-234567890123}
		{B2C3D4E5-F6A7-8901-BCDE-F12345678901} = {D4E5F6A7-B8C9-0123-DEF0-234567890123}
		{C3D4E5F6-A7B8-9012-CDEF-123456789012} = {E5F6A7B8-C9D0-1234-EF01-345678901234}
		{F6A7B8C9-D0E1-2345-F012-456789ABCDEF} = {E5F6A7B8-C9D0-1234-EF01-345678901234}
		{3DF004B1-8970-466D-AC75-36F950184CC4} = {FB6CBA9E-EA99-441D-82FF-98ACE72138D1}
		{4DA4CBD1-D959-4DEA-82D2-9F2E61D427B4} = {D4E5F6A7-B8C9-0123-DEF0-234567890123}
		{7037361D-6520-4F01-803F-31797147E2F9} = {D4E5F6A7-B8C9-0123-DEF0-234567890123}
		{48E00238-5017-475D-81DA-65130BA9E6EE} = {FB6CBA9E-EA99-441D-82FF-98ACE72138D1}
		{D7E8F9A0-B1C2-3456-D789-0ABCDEF12345} = {E5F6A7B8-C9D0-1234-EF01-345678901234}
		{E8F9A0B1-C2D3-4567-E890-1ABCDEF23456} = {E5F6A7B8-C9D0-1234-EF01-345678901234}
		{A0B1C2D3-E4F5-6789-0123-3BCDEF456789} = {E5F6A7B8-C9D0-1234-EF01-345678901234}
		{A42F7C58-6FB4-43C6-9231-7BFAF2E5E93D} = {D4E5F6A7-B8C9-0123-DEF0-234567890123}
		{B53F8C69-7FB5-54D7-A342-8CEBF3F6FA4E} = {E5F6A7B8-C9D0-1234-EF01-345678901234}
	EndGlobalSection
EndGlobal
